Microsoft Visual Studio Solution File, Format Version 12.00
# Visual Studio 2012
Project("{FAE04EC0-301F-11D3-BF4B-00C04F79EFBC}") = "Fire Emblem grid system", "Fire Emblem grid system.csproj", "{7D2E2200-1AF0-43D3-AFC6-0C5B58BCACDE}"
EndProject
Global
	GlobalSection(SolutionConfigurationPlatforms) = preSolution
	Debug|Any CPU = Debug|Any CPU
	ExportDebug|Any CPU = ExportDebug|Any CPU
	ExportRelease|Any CPU = ExportRelease|Any CPU
	EndGlobalSection
	GlobalSection(ProjectConfigurationPlatforms) = postSolution
		{7D2E2200-1AF0-43D3-AFC6-0C5B58BCACDE}.Debug|Any CPU.ActiveCfg = Debug|Any CPU
		{7D2E2200-1AF0-43D3-AFC6-0C5B58BCACDE}.Debug|Any CPU.Build.0 = Debug|Any CPU
		{7D2E2200-1AF0-43D3-AFC6-0C5B58BCACDE}.ExportDebug|Any CPU.ActiveCfg = ExportDebug|Any CPU
		{7D2E2200-1AF0-43D3-AFC6-0C5B58BCACDE}.ExportDebug|Any CPU.Build.0 = ExportDebug|Any CPU
		{7D2E2200-1AF0-43D3-AFC6-0C5B58BCACDE}.ExportRelease|Any CPU.ActiveCfg = ExportRelease|Any CPU
		{7D2E2200-1AF0-43D3-AFC6-0C5B58BCACDE}.ExportRelease|Any CPU.Build.0 = ExportRelease|Any CPU
	EndGlobalSection
EndGlobal
